
Microsoft Visual Studio Solution File, Format Version 12.00
# Visual Studio Version 16
VisualStudioVersion = 16.0.31112.23
MinimumVisualStudioVersion = 10.0.40219.1
Project("{FAE04EC0-301F-11D3-BF4B-00C04F79EFBC}") = "pf", "pf\pf.csproj", "{E6B87E73-A169-425D-9E82-06F1DAC64908}"
EndProject
Project("{FAE04EC0-301F-11D3-BF4B-00C04F79EFBC}") = "SalesEntry", "SalesEntry\SalesEntry.csproj", "{A33EC3CA-7B9D-495B-A20A-8F832E3703EE}"
EndProject
Project("{FAE04EC0-301F-11D3-BF4B-00C04F79EFBC}") = "Invoice", "Invoice\Invoice.csproj", "{2AF4E433-E8A8-45B0-8365-FDA4B5492553}"
EndProject
Project("{FAE04EC0-301F-11D3-BF4B-00C04F79EFBC}") = "PaymentEntry", "PaymentEntry\PaymentEntry.csproj", "{AB0B46D9-BD35-40CC-89C4-F9B9DA1F7A0B}"
EndProject
Project("{FAE04EC0-301F-11D3-BF4B-00C04F79EFBC}") = "Menu", "Menu\Menu.csproj", "{143E6742-28F3-40EC-8388-EE94B8EDBCD0}"
EndProject
Global
	GlobalSection(SolutionConfigurationPlatforms) = preSolution
		Debug|Any CPU = Debug|Any CPU
		Release|Any CPU = Release|Any CPU
	EndGlobalSection
	GlobalSection(ProjectConfigurationPlatforms) = postSolution
		{E6B87E73-A169-425D-9E82-06F1DAC64908}.Debug|Any CPU.ActiveCfg = Debug|Any CPU
		{E6B87E73-A169-425D-9E82-06F1DAC64908}.Debug|Any CPU.Build.0 = Debug|Any CPU
		{E6B87E73-A169-425D-9E82-06F1DAC64908}.Release|Any CPU.ActiveCfg = Release|Any CPU
		{E6B87E73-A169-425D-9E82-06F1DAC64908}.Release|Any CPU.Build.0 = Release|Any CPU
		{A33EC3CA-7B9D-495B-A20A-8F832E3703EE}.Debug|Any CPU.ActiveCfg = Debug|Any CPU
		{A33EC3CA-7B9D-495B-A20A-8F832E3703EE}.Debug|Any CPU.Build.0 = Debug|Any CPU
		{A33EC3CA-7B9D-495B-A20A-8F832E3703EE}.Release|Any CPU.ActiveCfg = Release|Any CPU
		{A33EC3CA-7B9D-495B-A20A-8F832E3703EE}.Release|Any CPU.Build.0 = Release|Any CPU
		{2AF4E433-E8A8-45B0-8365-FDA4B5492553}.Debug|Any CPU.ActiveCfg = Debug|Any CPU
		{2AF4E433-E8A8-45B0-8365-FDA4B5492553}.Debug|Any CPU.Build.0 = Debug|Any CPU
		{2AF4E433-E8A8-45B0-8365-FDA4B5492553}.Release|Any CPU.ActiveCfg = Release|Any CPU
		{2AF4E433-E8A8-45B0-8365-FDA4B5492553}.Release|Any CPU.Build.0 = Release|Any CPU
		{AB0B46D9-BD35-40CC-89C4-F9B9DA1F7A0B}.Debug|Any CPU.ActiveCfg = Debug|Any CPU
		{AB0B46D9-BD35-40CC-89C4-F9B9DA1F7A0B}.Debug|Any CPU.Build.0 = Debug|Any CPU
		{AB0B46D9-BD35-40CC-89C4-F9B9DA1F7A0B}.Release|Any CPU.ActiveCfg = Release|Any CPU
		{AB0B46D9-BD35-40CC-89C4-F9B9DA1F7A0B}.Release|Any CPU.Build.0 = Release|Any CPU
		{143E6742-28F3-40EC-8388-EE94B8EDBCD0}.Debug|Any CPU.ActiveCfg = Debug|Any CPU
		{143E6742-28F3-40EC-8388-EE94B8EDBCD0}.Debug|Any CPU.Build.0 = Debug|Any CPU
		{143E6742-28F3-40EC-8388-EE94B8EDBCD0}.Release|Any CPU.ActiveCfg = Release|Any CPU
		{143E6742-28F3-40EC-8388-EE94B8EDBCD0}.Release|Any CPU.Build.0 = Release|Any CPU
	EndGlobalSection
	GlobalSection(SolutionProperties) = preSolution
		HideSolutionNode = FALSE
	EndGlobalSection
	GlobalSection(ExtensibilityGlobals) = postSolution
		SolutionGuid = {09F9604D-E5D0-4310-9E5B-93C4E27DB890}
	EndGlobalSection
EndGlobal
